
Microsoft Visual Studio Solution File, Format Version 12.00
# Visual Studio Version 17
VisualStudioVersion = 17.3.32804.467
MinimumVisualStudioVersion = 10.0.40219.1
Project("{9A19103F-16F7-4668-BE54-9A1E7A4F7556}") = "BethanyPieShop", "BethanyPieShop\BethanyPieShop.csproj", "{044C2BA7-BB92-463C-83D3-770F5512ADB8}"
EndProject
Project("{FAE04EC0-301F-11D3-BF4B-00C04F79EFBC}") = "BethanyPieShopTests", "BethanyPieShopTests\BethanyPieShopTests.csproj", "{D5523FC4-25B3-4CE0-8700-6B390F690C57}"
EndProject
Global
	GlobalSection(SolutionConfigurationPlatforms) = preSolution
		Debug|Any CPU = Debug|Any CPU
		Release|Any CPU = Release|Any CPU
	EndGlobalSection
	GlobalSection(ProjectConfigurationPlatforms) = postSolution
		{044C2BA7-BB92-463C-83D3-770F5512ADB8}.Debug|Any CPU.ActiveCfg = Debug|Any CPU
		{044C2BA7-BB92-463C-83D3-770F5512ADB8}.Debug|Any CPU.Build.0 = Debug|Any CPU
		{044C2BA7-BB92-463C-83D3-770F5512ADB8}.Release|Any CPU.ActiveCfg = Release|Any CPU
		{044C2BA7-BB92-463C-83D3-770F5512ADB8}.Release|Any CPU.Build.0 = Release|Any CPU
		{D5523FC4-25B3-4CE0-8700-6B390F690C57}.Debug|Any CPU.ActiveCfg = Debug|Any CPU
		{D5523FC4-25B3-4CE0-8700-6B390F690C57}.Debug|Any CPU.Build.0 = Debug|Any CPU
		{D5523FC4-25B3-4CE0-8700-6B390F690C57}.Release|Any CPU.ActiveCfg = Release|Any CPU
		{D5523FC4-25B3-4CE0-8700-6B390F690C57}.Release|Any CPU.Build.0 = Release|Any CPU
	EndGlobalSection
	GlobalSection(SolutionProperties) = preSolution
		HideSolutionNode = FALSE
	EndGlobalSection
	GlobalSection(ExtensibilityGlobals) = postSolution
		SolutionGuid = {ABDD0E5C-86FB-4794-B85E-7F8C6A1048D5}
	EndGlobalSection
EndGlobal
